
Microsoft Visual Studio Solution File, Format Version 12.00
# Visual Studio 14
VisualStudioVersion = 14.0.25420.1
MinimumVisualStudioVersion = 10.0.40219.1
Project("{FAE04EC0-301F-11D3-BF4B-00C04F79EFBC}") = "Sudoku.Library", "Sudoku.Library\Sudoku.Library.csproj", "{7E4B20A5-5619-4D8E-AB84-2924C98B5F77}"
EndProject
Project("{FAE04EC0-301F-11D3-BF4B-00C04F79EFBC}") = "Sudoku.Library.Tests", "Sudoku.Library.Tests\Sudoku.Library.Tests.csproj", "{FCDC9E85-FC86-4835-B441-476A796BF597}"
EndProject
Global
	GlobalSection(SolutionConfigurationPlatforms) = preSolution
		Debug|Any CPU = Debug|Any CPU
		Release|Any CPU = Release|Any CPU
	EndGlobalSection
	GlobalSection(ProjectConfigurationPlatforms) = postSolution
		{7E4B20A5-5619-4D8E-AB84-2924C98B5F77}.Debug|Any CPU.ActiveCfg = Debug|Any CPU
		{7E4B20A5-5619-4D8E-AB84-2924C98B5F77}.Debug|Any CPU.Build.0 = Debug|Any CPU
		{7E4B20A5-5619-4D8E-AB84-2924C98B5F77}.Release|Any CPU.ActiveCfg = Release|Any CPU
		{7E4B20A5-5619-4D8E-AB84-2924C98B5F77}.Release|Any CPU.Build.0 = Release|Any CPU
		{FCDC9E85-FC86-4835-B441-476A796BF597}.Debug|Any CPU.ActiveCfg = Debug|Any CPU
		{FCDC9E85-FC86-4835-B441-476A796BF597}.Debug|Any CPU.Build.0 = Debug|Any CPU
		{FCDC9E85-FC86-4835-B441-476A796BF597}.Release|Any CPU.ActiveCfg = Release|Any CPU
		{FCDC9E85-FC86-4835-B441-476A796BF597}.Release|Any CPU.Build.0 = Release|Any CPU
	EndGlobalSection
	GlobalSection(SolutionProperties) = preSolution
		HideSolutionNode = FALSE
	EndGlobalSection
EndGlobal
